
Microsoft Visual Studio Solution File, Format Version 12.00
# Visual Studio Version 17
VisualStudioVersion = 17.10.34707.107
MinimumVisualStudioVersion = 10.0.40219.1
Project("{FAE04EC0-301F-11D3-BF4B-00C04F79EFBC}") = "Kafka.Consumer", "Kafka.Consumer\Kafka.Consumer.csproj", "{AB9EFA95-46CB-45F5-B56F-789D4D2DE39A}"
EndProject
Project("{FAE04EC0-301F-11D3-BF4B-00C04F79EFBC}") = "Kafka.Producer", "Kafka.Producer\Kafka.Producer.csproj", "{16049140-F268-4A6E-A0FD-E5F92BABEC58}"
EndProject
Project("{E53339B2-1760-4266-BCC7-CA923CBCF16C}") = "docker-compose", "docker-compose.dcproj", "{2BEF40E4-75C2-422B-8022-BE8BB32BC472}"
EndProject
Global
	GlobalSection(SolutionConfigurationPlatforms) = preSolution
		Debug|Any CPU = Debug|Any CPU
		Release|Any CPU = Release|Any CPU
	EndGlobalSection
	GlobalSection(ProjectConfigurationPlatforms) = postSolution
		{AB9EFA95-46CB-45F5-B56F-789D4D2DE39A}.Debug|Any CPU.ActiveCfg = Debug|Any CPU
		{AB9EFA95-46CB-45F5-B56F-789D4D2DE39A}.Debug|Any CPU.Build.0 = Debug|Any CPU
		{AB9EFA95-46CB-45F5-B56F-789D4D2DE39A}.Release|Any CPU.ActiveCfg = Release|Any CPU
		{AB9EFA95-46CB-45F5-B56F-789D4D2DE39A}.Release|Any CPU.Build.0 = Release|Any CPU
		{16049140-F268-4A6E-A0FD-E5F92BABEC58}.Debug|Any CPU.ActiveCfg = Debug|Any CPU
		{16049140-F268-4A6E-A0FD-E5F92BABEC58}.Debug|Any CPU.Build.0 = Debug|Any CPU
		{16049140-F268-4A6E-A0FD-E5F92BABEC58}.Release|Any CPU.ActiveCfg = Release|Any CPU
		{16049140-F268-4A6E-A0FD-E5F92BABEC58}.Release|Any CPU.Build.0 = Release|Any CPU
		{2BEF40E4-75C2-422B-8022-BE8BB32BC472}.Debug|Any CPU.ActiveCfg = Debug|Any CPU
		{2BEF40E4-75C2-422B-8022-BE8BB32BC472}.Debug|Any CPU.Build.0 = Debug|Any CPU
		{2BEF40E4-75C2-422B-8022-BE8BB32BC472}.Release|Any CPU.ActiveCfg = Release|Any CPU
		{2BEF40E4-75C2-422B-8022-BE8BB32BC472}.Release|Any CPU.Build.0 = Release|Any CPU
	EndGlobalSection
	GlobalSection(SolutionProperties) = preSolution
		HideSolutionNode = FALSE
	EndGlobalSection
	GlobalSection(ExtensibilityGlobals) = postSolution
		SolutionGuid = {1FBE28FF-9425-4DB5-9F4D-6726BB92B761}
	EndGlobalSection
EndGlobal
